
Microsoft Visual Studio Solution File, Format Version 12.00
# Visual Studio Version 16
VisualStudioVersion = 16.0.30907.101
MinimumVisualStudioVersion = 10.0.40219.1
Project("{FAE04EC0-301F-11D3-BF4B-00C04F79EFBC}") = "ProjectManagement", "ProjectManagement.csproj", "{DFB801D3-A14B-46D6-8CD2-5F384CFDE33E}"
EndProject
Global
	GlobalSection(SolutionConfigurationPlatforms) = preSolution
		Debug|Any CPU = Debug|Any CPU
		Release|Any CPU = Release|Any CPU
	EndGlobalSection
	GlobalSection(ProjectConfigurationPlatforms) = postSolution
		{DFB801D3-A14B-46D6-8CD2-5F384CFDE33E}.Debug|Any CPU.ActiveCfg = Debug|Any CPU
		{DFB801D3-A14B-46D6-8CD2-5F384CFDE33E}.Debug|Any CPU.Build.0 = Debug|Any CPU
		{DFB801D3-A14B-46D6-8CD2-5F384CFDE33E}.Release|Any CPU.ActiveCfg = Release|Any CPU
		{DFB801D3-A14B-46D6-8CD2-5F384CFDE33E}.Release|Any CPU.Build.0 = Release|Any CPU
	EndGlobalSection
	GlobalSection(SolutionProperties) = preSolution
		HideSolutionNode = FALSE
	EndGlobalSection
	GlobalSection(ExtensibilityGlobals) = postSolution
		SolutionGuid = {3280E1AE-D039-4244-86C2-2D86D6E9D969}
	EndGlobalSection
EndGlobal
